
Microsoft Visual Studio Solution File, Format Version 12.00
# Visual Studio 15
VisualStudioVersion = 15.0.26730.15
MinimumVisualStudioVersion = 10.0.40219.1
Project("{8BC9CEB8-8B4A-11D0-8D11-00A0C91BC942}") = "查找2", "查找2\查找2.vcxproj", "{6ABE82B0-8DE6-4AEC-BF30-9781B043A306}"
EndProject
Global
	GlobalSection(SolutionConfigurationPlatforms) = preSolution
		Debug|x64 = Debug|x64
		Debug|x86 = Debug|x86
		Release|x64 = Release|x64
		Release|x86 = Release|x86
	EndGlobalSection
	GlobalSection(ProjectConfigurationPlatforms) = postSolution
		{6ABE82B0-8DE6-4AEC-BF30-9781B043A306}.Debug|x64.ActiveCfg = Debug|x64
		{6ABE82B0-8DE6-4AEC-BF30-9781B043A306}.Debug|x64.Build.0 = Debug|x64
		{6ABE82B0-8DE6-4AEC-BF30-9781B043A306}.Debug|x86.ActiveCfg = Debug|Win32
		{6ABE82B0-8DE6-4AEC-BF30-9781B043A306}.Debug|x86.Build.0 = Debug|Win32
		{6ABE82B0-8DE6-4AEC-BF30-9781B043A306}.Release|x64.ActiveCfg = Release|x64
		{6ABE82B0-8DE6-4AEC-BF30-9781B043A306}.Release|x64.Build.0 = Release|x64
		{6ABE82B0-8DE6-4AEC-BF30-9781B043A306}.Release|x86.ActiveCfg = Release|Win32
		{6ABE82B0-8DE6-4AEC-BF30-9781B043A306}.Release|x86.Build.0 = Release|Win32
	EndGlobalSection
	GlobalSection(SolutionProperties) = preSolution
		HideSolutionNode = FALSE
	EndGlobalSection
	GlobalSection(ExtensibilityGlobals) = postSolution
		SolutionGuid = {EB1538EF-ED35-4A3A-88F6-E15EB2C833BC}
	EndGlobalSection
EndGlobal
